
Microsoft Visual Studio Solution File, Format Version 12.00
# Visual Studio Version 16
VisualStudioVersion = 16.0.30611.23
MinimumVisualStudioVersion = 10.0.40219.1
Project("{FAE04EC0-301F-11D3-BF4B-00C04F79EFBC}") = "MicrowaveOvenSystem", "MicrowaveOvenSystem\MicrowaveOvenSystem.csproj", "{BFFAEBF7-D704-495A-9D9B-626493894D79}"
EndProject
Global
	GlobalSection(SolutionConfigurationPlatforms) = preSolution
		Debug|Any CPU = Debug|Any CPU
		Release|Any CPU = Release|Any CPU
	EndGlobalSection
	GlobalSection(ProjectConfigurationPlatforms) = postSolution
		{BFFAEBF7-D704-495A-9D9B-626493894D79}.Debug|Any CPU.ActiveCfg = Debug|Any CPU
		{BFFAEBF7-D704-495A-9D9B-626493894D79}.Debug|Any CPU.Build.0 = Debug|Any CPU
		{BFFAEBF7-D704-495A-9D9B-626493894D79}.Release|Any CPU.ActiveCfg = Release|Any CPU
		{BFFAEBF7-D704-495A-9D9B-626493894D79}.Release|Any CPU.Build.0 = Release|Any CPU
	EndGlobalSection
	GlobalSection(SolutionProperties) = preSolution
		HideSolutionNode = FALSE
	EndGlobalSection
	GlobalSection(ExtensibilityGlobals) = postSolution
		SolutionGuid = {BCAB5AB0-3D07-4FF3-9E2A-600F85BEDF23}
	EndGlobalSection
EndGlobal
